
Microsoft Visual Studio Solution File, Format Version 12.00
# Visual Studio Version 17
VisualStudioVersion = 17.13.35825.156 d17.13
MinimumVisualStudioVersion = 10.0.40219.1
Project("{FAE04EC0-301F-11D3-BF4B-00C04F79EFBC}") = "PBL3", "PBL3\PBL3.csproj", "{CF38466A-422B-4B6D-B028-23B0175CAACA}"
EndProject
Global
	GlobalSection(SolutionConfigurationPlatforms) = preSolution
		Debug|Any CPU = Debug|Any CPU
		Release|Any CPU = Release|Any CPU
	EndGlobalSection
	GlobalSection(ProjectConfigurationPlatforms) = postSolution
		{CF38466A-422B-4B6D-B028-23B0175CAACA}.Debug|Any CPU.ActiveCfg = Debug|Any CPU
		{CF38466A-422B-4B6D-B028-23B0175CAACA}.Debug|Any CPU.Build.0 = Debug|Any CPU
		{CF38466A-422B-4B6D-B028-23B0175CAACA}.Release|Any CPU.ActiveCfg = Release|Any CPU
		{CF38466A-422B-4B6D-B028-23B0175CAACA}.Release|Any CPU.Build.0 = Release|Any CPU
	EndGlobalSection
	GlobalSection(SolutionProperties) = preSolution
		HideSolutionNode = FALSE
	EndGlobalSection
	GlobalSection(ExtensibilityGlobals) = postSolution
		SolutionGuid = {419EF7C2-E88A-4236-8EB0-66DACEA04D44}
	EndGlobalSection
EndGlobal
